
Microsoft Visual Studio Solution File, Format Version 12.00
# Visual Studio 15
Project("{FAE04EC0-301F-11D3-BF4B-00C04F79EFBC}") = "Assembly-CSharp", "Assembly-CSharp.csproj", "{BAB09C39-1DCA-A99F-62A3-C0199BC686A3}"
EndProject
Project("{FAE04EC0-301F-11D3-BF4B-00C04F79EFBC}") = "Assembly-CSharp-Editor", "Assembly-CSharp-Editor.csproj", "{33A0F643-5E0F-275D-7AAD-06354DC90B56}"
EndProject
Global
	GlobalSection(SolutionConfigurationPlatforms) = preSolution
		Debug|Any CPU = Debug|Any CPU
		Release|Any CPU = Release|Any CPU
	EndGlobalSection
	GlobalSection(ProjectConfigurationPlatforms) = postSolution
		{BAB09C39-1DCA-A99F-62A3-C0199BC686A3}.Debug|Any CPU.ActiveCfg = Debug|Any CPU
		{BAB09C39-1DCA-A99F-62A3-C0199BC686A3}.Debug|Any CPU.Build.0 = Debug|Any CPU
		{BAB09C39-1DCA-A99F-62A3-C0199BC686A3}.Release|Any CPU.ActiveCfg = Release|Any CPU
		{BAB09C39-1DCA-A99F-62A3-C0199BC686A3}.Release|Any CPU.Build.0 = Release|Any CPU
		{33A0F643-5E0F-275D-7AAD-06354DC90B56}.Debug|Any CPU.ActiveCfg = Debug|Any CPU
		{33A0F643-5E0F-275D-7AAD-06354DC90B56}.Debug|Any CPU.Build.0 = Debug|Any CPU
		{33A0F643-5E0F-275D-7AAD-06354DC90B56}.Release|Any CPU.ActiveCfg = Release|Any CPU
		{33A0F643-5E0F-275D-7AAD-06354DC90B56}.Release|Any CPU.Build.0 = Release|Any CPU
	EndGlobalSection
	GlobalSection(SolutionProperties) = preSolution
		HideSolutionNode = FALSE
	EndGlobalSection
EndGlobal
